
Microsoft Visual Studio Solution File, Format Version 12.00
# Visual Studio Version 17
VisualStudioVersion = 17.4.33122.133
MinimumVisualStudioVersion = 10.0.40219.1
Project("{54435603-DBB4-11D2-8724-00A0C9A8B90C}") = "Setup", "Setup\Setup.vdproj", "{FCD9F643-34E8-48D7-B57E-97400F118E98}"
EndProject
Project("{FAE04EC0-301F-11D3-BF4B-00C04F79EFBC}") = "InstallerAction", "InstallerAction\InstallerAction.csproj", "{C8686866-7FFA-48D5-8816-69D0EBF7A58E}"
EndProject
Project("{FAE04EC0-301F-11D3-BF4B-00C04F79EFBC}") = "BaseModule", "BaseModule\BaseModule.csproj", "{E5C49662-B9C7-4B1B-9734-1FF03DA9FCC0}"
EndProject
Project("{FAE04EC0-301F-11D3-BF4B-00C04F79EFBC}") = "BazisGUI", "GUI\BazisGUI.csproj", "{A4E6398C-244E-4655-AEA7-5A9B606586C6}"
EndProject
Project("{9A19103F-16F7-4668-BE54-9A1E7A4F7556}") = "TestGUI", "TestGUI\TestGUI.csproj", "{7CD2917C-9405-4142-B5EE-E61C17FBFD22}"
EndProject
Project("{FAE04EC0-301F-11D3-BF4B-00C04F79EFBC}") = "UserControlsEx", "UserControlEx\UserControlsEx.csproj", "{452D36B3-7997-48AC-96CB-4AA349E2B608}"
EndProject
Project("{FAE04EC0-301F-11D3-BF4B-00C04F79EFBC}") = "PropertiesDataBases", "PropertiesDataBases\PropertiesDataBases.csproj", "{CDDE2ABD-68F3-441B-8220-94652083904F}"
EndProject
Project("{FAE04EC0-301F-11D3-BF4B-00C04F79EFBC}") = "TestUserControlsEx", "TestUserControlsEx\TestUserControlsEx.csproj", "{FB7B36B2-B3AE-442B-9E99-6A9BC75CDEB6}"
EndProject
Project("{FAE04EC0-301F-11D3-BF4B-00C04F79EFBC}") = "Scene", "Scene\Scene.csproj", "{5803F0BE-A529-4F64-9A9E-88C3F2ADA928}"
EndProject
Project("{FAE04EC0-301F-11D3-BF4B-00C04F79EFBC}") = "Viewer", "Viewer\Viewer.csproj", "{25EFAE0B-1306-4D04-ABC7-7AF93F60102D}"
EndProject
Project("{FAE04EC0-301F-11D3-BF4B-00C04F79EFBC}") = "SceneTests", "SceneTests\SceneTests.csproj", "{22C80CF7-4E59-4160-8BB4-1554F96FF13A}"
EndProject
Project("{2150E333-8FDC-42A3-9474-1A3956D46DE8}") = "Solution Items", "Solution Items", "{142AF53E-1830-431A-B953-CD8D987E9386}"
	ProjectSection(SolutionItems) = preProject
		.editorconfig = .editorconfig
	EndProjectSection
EndProject
Global
	GlobalSection(SolutionConfigurationPlatforms) = preSolution
		Debug|Any CPU = Debug|Any CPU
		Debug|x64 = Debug|x64
		Debug|x86 = Debug|x86
		Release|Any CPU = Release|Any CPU
		Release|x64 = Release|x64
		Release|x86 = Release|x86
	EndGlobalSection
	GlobalSection(ProjectConfigurationPlatforms) = postSolution
		{FCD9F643-34E8-48D7-B57E-97400F118E98}.Debug|Any CPU.ActiveCfg = Debug
		{FCD9F643-34E8-48D7-B57E-97400F118E98}.Debug|x64.ActiveCfg = Debug
		{FCD9F643-34E8-48D7-B57E-97400F118E98}.Debug|x86.ActiveCfg = Debug
		{FCD9F643-34E8-48D7-B57E-97400F118E98}.Debug|x86.Build.0 = Debug
		{FCD9F643-34E8-48D7-B57E-97400F118E98}.Release|Any CPU.ActiveCfg = Release
		{FCD9F643-34E8-48D7-B57E-97400F118E98}.Release|Any CPU.Build.0 = Release
		{FCD9F643-34E8-48D7-B57E-97400F118E98}.Release|x64.ActiveCfg = Release
		{FCD9F643-34E8-48D7-B57E-97400F118E98}.Release|x64.Build.0 = Release
		{FCD9F643-34E8-48D7-B57E-97400F118E98}.Release|x86.ActiveCfg = Release
		{FCD9F643-34E8-48D7-B57E-97400F118E98}.Release|x86.Build.0 = Release
		{C8686866-7FFA-48D5-8816-69D0EBF7A58E}.Debug|Any CPU.ActiveCfg = Debug|Any CPU
		{C8686866-7FFA-48D5-8816-69D0EBF7A58E}.Debug|Any CPU.Build.0 = Debug|Any CPU
		{C8686866-7FFA-48D5-8816-69D0EBF7A58E}.Debug|x64.ActiveCfg = Debug|Any CPU
		{C8686866-7FFA-48D5-8816-69D0EBF7A58E}.Debug|x64.Build.0 = Debug|Any CPU
		{C8686866-7FFA-48D5-8816-69D0EBF7A58E}.Debug|x86.ActiveCfg = Debug|Any CPU
		{C8686866-7FFA-48D5-8816-69D0EBF7A58E}.Debug|x86.Build.0 = Debug|Any CPU
		{C8686866-7FFA-48D5-8816-69D0EBF7A58E}.Release|Any CPU.ActiveCfg = Release|Any CPU
		{C8686866-7FFA-48D5-8816-69D0EBF7A58E}.Release|Any CPU.Build.0 = Release|Any CPU
		{C8686866-7FFA-48D5-8816-69D0EBF7A58E}.Release|x64.ActiveCfg = Release|Any CPU
		{C8686866-7FFA-48D5-8816-69D0EBF7A58E}.Release|x64.Build.0 = Release|Any CPU
		{C8686866-7FFA-48D5-8816-69D0EBF7A58E}.Release|x86.ActiveCfg = Release|Any CPU
		{C8686866-7FFA-48D5-8816-69D0EBF7A58E}.Release|x86.Build.0 = Release|Any CPU
		{E5C49662-B9C7-4B1B-9734-1FF03DA9FCC0}.Debug|Any CPU.ActiveCfg = Debug|Any CPU
		{E5C49662-B9C7-4B1B-9734-1FF03DA9FCC0}.Debug|Any CPU.Build.0 = Debug|Any CPU
		{E5C49662-B9C7-4B1B-9734-1FF03DA9FCC0}.Debug|x64.ActiveCfg = Debug|x64
		{E5C49662-B9C7-4B1B-9734-1FF03DA9FCC0}.Debug|x64.Build.0 = Debug|x64
		{E5C49662-B9C7-4B1B-9734-1FF03DA9FCC0}.Debug|x86.ActiveCfg = Debug|Any CPU
		{E5C49662-B9C7-4B1B-9734-1FF03DA9FCC0}.Debug|x86.Build.0 = Debug|Any CPU
		{E5C49662-B9C7-4B1B-9734-1FF03DA9FCC0}.Release|Any CPU.ActiveCfg = Release|Any CPU
		{E5C49662-B9C7-4B1B-9734-1FF03DA9FCC0}.Release|Any CPU.Build.0 = Release|Any CPU
		{E5C49662-B9C7-4B1B-9734-1FF03DA9FCC0}.Release|x64.ActiveCfg = Release|x64
		{E5C49662-B9C7-4B1B-9734-1FF03DA9FCC0}.Release|x64.Build.0 = Release|x64
		{E5C49662-B9C7-4B1B-9734-1FF03DA9FCC0}.Release|x86.ActiveCfg = Release|Any CPU
		{E5C49662-B9C7-4B1B-9734-1FF03DA9FCC0}.Release|x86.Build.0 = Release|Any CPU
		{A4E6398C-244E-4655-AEA7-5A9B606586C6}.Debug|Any CPU.ActiveCfg = Debug|Any CPU
		{A4E6398C-244E-4655-AEA7-5A9B606586C6}.Debug|Any CPU.Build.0 = Debug|Any CPU
		{A4E6398C-244E-4655-AEA7-5A9B606586C6}.Debug|x64.ActiveCfg = Debug|x64
		{A4E6398C-244E-4655-AEA7-5A9B606586C6}.Debug|x64.Build.0 = Debug|x64
		{A4E6398C-244E-4655-AEA7-5A9B606586C6}.Debug|x86.ActiveCfg = Debug|Any CPU
		{A4E6398C-244E-4655-AEA7-5A9B606586C6}.Debug|x86.Build.0 = Debug|Any CPU
		{A4E6398C-244E-4655-AEA7-5A9B606586C6}.Release|Any CPU.ActiveCfg = Release|Any CPU
		{A4E6398C-244E-4655-AEA7-5A9B606586C6}.Release|Any CPU.Build.0 = Release|Any CPU
		{A4E6398C-244E-4655-AEA7-5A9B606586C6}.Release|x64.ActiveCfg = Release|x64
		{A4E6398C-244E-4655-AEA7-5A9B606586C6}.Release|x64.Build.0 = Release|x64
		{A4E6398C-244E-4655-AEA7-5A9B606586C6}.Release|x86.ActiveCfg = Release|Any CPU
		{A4E6398C-244E-4655-AEA7-5A9B606586C6}.Release|x86.Build.0 = Release|Any CPU
		{7CD2917C-9405-4142-B5EE-E61C17FBFD22}.Debug|Any CPU.ActiveCfg = Debug|Any CPU
		{7CD2917C-9405-4142-B5EE-E61C17FBFD22}.Debug|Any CPU.Build.0 = Debug|Any CPU
		{7CD2917C-9405-4142-B5EE-E61C17FBFD22}.Debug|x64.ActiveCfg = Debug|Any CPU
		{7CD2917C-9405-4142-B5EE-E61C17FBFD22}.Debug|x64.Build.0 = Debug|Any CPU
		{7CD2917C-9405-4142-B5EE-E61C17FBFD22}.Debug|x86.ActiveCfg = Debug|Any CPU
		{7CD2917C-9405-4142-B5EE-E61C17FBFD22}.Debug|x86.Build.0 = Debug|Any CPU
		{7CD2917C-9405-4142-B5EE-E61C17FBFD22}.Release|Any CPU.ActiveCfg = Release|Any CPU
		{7CD2917C-9405-4142-B5EE-E61C17FBFD22}.Release|x64.ActiveCfg = Release|Any CPU
		{7CD2917C-9405-4142-B5EE-E61C17FBFD22}.Release|x86.ActiveCfg = Release|Any CPU
		{7CD2917C-9405-4142-B5EE-E61C17FBFD22}.Release|x86.Build.0 = Release|Any CPU
		{452D36B3-7997-48AC-96CB-4AA349E2B608}.Debug|Any CPU.ActiveCfg = Debug|Any CPU
		{452D36B3-7997-48AC-96CB-4AA349E2B608}.Debug|Any CPU.Build.0 = Debug|Any CPU
		{452D36B3-7997-48AC-96CB-4AA349E2B608}.Debug|x64.ActiveCfg = Debug|Any CPU
		{452D36B3-7997-48AC-96CB-4AA349E2B608}.Debug|x64.Build.0 = Debug|Any CPU
		{452D36B3-7997-48AC-96CB-4AA349E2B608}.Debug|x86.ActiveCfg = Debug|Any CPU
		{452D36B3-7997-48AC-96CB-4AA349E2B608}.Debug|x86.Build.0 = Debug|Any CPU
		{452D36B3-7997-48AC-96CB-4AA349E2B608}.Release|Any CPU.ActiveCfg = Release|Any CPU
		{452D36B3-7997-48AC-96CB-4AA349E2B608}.Release|Any CPU.Build.0 = Release|Any CPU
		{452D36B3-7997-48AC-96CB-4AA349E2B608}.Release|x64.ActiveCfg = Release|Any CPU
		{452D36B3-7997-48AC-96CB-4AA349E2B608}.Release|x64.Build.0 = Release|Any CPU
		{452D36B3-7997-48AC-96CB-4AA349E2B608}.Release|x86.ActiveCfg = Release|Any CPU
		{452D36B3-7997-48AC-96CB-4AA349E2B608}.Release|x86.Build.0 = Release|Any CPU
		{CDDE2ABD-68F3-441B-8220-94652083904F}.Debug|Any CPU.ActiveCfg = Debug|Any CPU
		{CDDE2ABD-68F3-441B-8220-94652083904F}.Debug|Any CPU.Build.0 = Debug|Any CPU
		{CDDE2ABD-68F3-441B-8220-94652083904F}.Debug|x64.ActiveCfg = Debug|Any CPU
		{CDDE2ABD-68F3-441B-8220-94652083904F}.Debug|x64.Build.0 = Debug|Any CPU
		{CDDE2ABD-68F3-441B-8220-94652083904F}.Debug|x86.ActiveCfg = Debug|Any CPU
		{CDDE2ABD-68F3-441B-8220-94652083904F}.Debug|x86.Build.0 = Debug|Any CPU
		{CDDE2ABD-68F3-441B-8220-94652083904F}.Release|Any CPU.ActiveCfg = Release|Any CPU
		{CDDE2ABD-68F3-441B-8220-94652083904F}.Release|Any CPU.Build.0 = Release|Any CPU
		{CDDE2ABD-68F3-441B-8220-94652083904F}.Release|x64.ActiveCfg = Release|Any CPU
		{CDDE2ABD-68F3-441B-8220-94652083904F}.Release|x64.Build.0 = Release|Any CPU
		{CDDE2ABD-68F3-441B-8220-94652083904F}.Release|x86.ActiveCfg = Release|Any CPU
		{CDDE2ABD-68F3-441B-8220-94652083904F}.Release|x86.Build.0 = Release|Any CPU
		{FB7B36B2-B3AE-442B-9E99-6A9BC75CDEB6}.Debug|Any CPU.ActiveCfg = Debug|Any CPU
		{FB7B36B2-B3AE-442B-9E99-6A9BC75CDEB6}.Debug|Any CPU.Build.0 = Debug|Any CPU
		{FB7B36B2-B3AE-442B-9E99-6A9BC75CDEB6}.Debug|x64.ActiveCfg = Debug|Any CPU
		{FB7B36B2-B3AE-442B-9E99-6A9BC75CDEB6}.Debug|x64.Build.0 = Debug|Any CPU
		{FB7B36B2-B3AE-442B-9E99-6A9BC75CDEB6}.Debug|x86.ActiveCfg = Debug|Any CPU
		{FB7B36B2-B3AE-442B-9E99-6A9BC75CDEB6}.Debug|x86.Build.0 = Debug|Any CPU
		{FB7B36B2-B3AE-442B-9E99-6A9BC75CDEB6}.Release|Any CPU.ActiveCfg = Release|Any CPU
		{FB7B36B2-B3AE-442B-9E99-6A9BC75CDEB6}.Release|Any CPU.Build.0 = Release|Any CPU
		{FB7B36B2-B3AE-442B-9E99-6A9BC75CDEB6}.Release|x64.ActiveCfg = Release|Any CPU
		{FB7B36B2-B3AE-442B-9E99-6A9BC75CDEB6}.Release|x64.Build.0 = Release|Any CPU
		{FB7B36B2-B3AE-442B-9E99-6A9BC75CDEB6}.Release|x86.ActiveCfg = Release|Any CPU
		{FB7B36B2-B3AE-442B-9E99-6A9BC75CDEB6}.Release|x86.Build.0 = Release|Any CPU
		{5803F0BE-A529-4F64-9A9E-88C3F2ADA928}.Debug|Any CPU.ActiveCfg = Debug|Any CPU
		{5803F0BE-A529-4F64-9A9E-88C3F2ADA928}.Debug|Any CPU.Build.0 = Debug|Any CPU
		{5803F0BE-A529-4F64-9A9E-88C3F2ADA928}.Debug|x64.ActiveCfg = Debug|x64
		{5803F0BE-A529-4F64-9A9E-88C3F2ADA928}.Debug|x64.Build.0 = Debug|x64
		{5803F0BE-A529-4F64-9A9E-88C3F2ADA928}.Debug|x86.ActiveCfg = Debug|x86
		{5803F0BE-A529-4F64-9A9E-88C3F2ADA928}.Debug|x86.Build.0 = Debug|x86
		{5803F0BE-A529-4F64-9A9E-88C3F2ADA928}.Release|Any CPU.ActiveCfg = Release|Any CPU
		{5803F0BE-A529-4F64-9A9E-88C3F2ADA928}.Release|Any CPU.Build.0 = Release|Any CPU
		{5803F0BE-A529-4F64-9A9E-88C3F2ADA928}.Release|x64.ActiveCfg = Release|x64
		{5803F0BE-A529-4F64-9A9E-88C3F2ADA928}.Release|x64.Build.0 = Release|x64
		{5803F0BE-A529-4F64-9A9E-88C3F2ADA928}.Release|x86.ActiveCfg = Release|x86
		{5803F0BE-A529-4F64-9A9E-88C3F2ADA928}.Release|x86.Build.0 = Release|x86
		{25EFAE0B-1306-4D04-ABC7-7AF93F60102D}.Debug|Any CPU.ActiveCfg = Debug|Any CPU
		{25EFAE0B-1306-4D04-ABC7-7AF93F60102D}.Debug|Any CPU.Build.0 = Debug|Any CPU
		{25EFAE0B-1306-4D04-ABC7-7AF93F60102D}.Debug|x64.ActiveCfg = Debug|x64
		{25EFAE0B-1306-4D04-ABC7-7AF93F60102D}.Debug|x64.Build.0 = Debug|x64
		{25EFAE0B-1306-4D04-ABC7-7AF93F60102D}.Debug|x86.ActiveCfg = Debug|Any CPU
		{25EFAE0B-1306-4D04-ABC7-7AF93F60102D}.Debug|x86.Build.0 = Debug|Any CPU
		{25EFAE0B-1306-4D04-ABC7-7AF93F60102D}.Release|Any CPU.ActiveCfg = Release|Any CPU
		{25EFAE0B-1306-4D04-ABC7-7AF93F60102D}.Release|Any CPU.Build.0 = Release|Any CPU
		{25EFAE0B-1306-4D04-ABC7-7AF93F60102D}.Release|x64.ActiveCfg = Release|x64
		{25EFAE0B-1306-4D04-ABC7-7AF93F60102D}.Release|x64.Build.0 = Release|x64
		{25EFAE0B-1306-4D04-ABC7-7AF93F60102D}.Release|x86.ActiveCfg = Release|Any CPU
		{25EFAE0B-1306-4D04-ABC7-7AF93F60102D}.Release|x86.Build.0 = Release|Any CPU
		{22C80CF7-4E59-4160-8BB4-1554F96FF13A}.Debug|Any CPU.ActiveCfg = Debug|Any CPU
		{22C80CF7-4E59-4160-8BB4-1554F96FF13A}.Debug|Any CPU.Build.0 = Debug|Any CPU
		{22C80CF7-4E59-4160-8BB4-1554F96FF13A}.Debug|x64.ActiveCfg = Debug|x64
		{22C80CF7-4E59-4160-8BB4-1554F96FF13A}.Debug|x64.Build.0 = Debug|x64
		{22C80CF7-4E59-4160-8BB4-1554F96FF13A}.Debug|x86.ActiveCfg = Debug|Any CPU
		{22C80CF7-4E59-4160-8BB4-1554F96FF13A}.Debug|x86.Build.0 = Debug|Any CPU
		{22C80CF7-4E59-4160-8BB4-1554F96FF13A}.Release|Any CPU.ActiveCfg = Release|Any CPU
		{22C80CF7-4E59-4160-8BB4-1554F96FF13A}.Release|Any CPU.Build.0 = Release|Any CPU
		{22C80CF7-4E59-4160-8BB4-1554F96FF13A}.Release|x64.ActiveCfg = Release|x64
		{22C80CF7-4E59-4160-8BB4-1554F96FF13A}.Release|x64.Build.0 = Release|x64
		{22C80CF7-4E59-4160-8BB4-1554F96FF13A}.Release|x86.ActiveCfg = Release|Any CPU
		{22C80CF7-4E59-4160-8BB4-1554F96FF13A}.Release|x86.Build.0 = Release|Any CPU
	EndGlobalSection
	GlobalSection(SolutionProperties) = preSolution
		HideSolutionNode = FALSE
	EndGlobalSection
	GlobalSection(ExtensibilityGlobals) = postSolution
		SolutionGuid = {FFFD561E-D726-4CCD-B9AD-5DEB9EEED786}
	EndGlobalSection
EndGlobal
