Microsoft Visual Studio Solution File, Format Version 12.00
# Visual Studio 15
VisualStudioVersion = 15.0.28307.1684
MinimumVisualStudioVersion = 10.0.40219.1
Project("{FAE04EC0-301F-11D3-BF4B-00C04F79EFBC}") = "Components", "Components\Components.csproj", "{1C3A03CA-5E55-4CC4-9746-194A4188960A}"
EndProject
Project("{FAE04EC0-301F-11D3-BF4B-00C04F79EFBC}") = "Example", "Example\Example.csproj", "{1806268E-B13F-40DA-BC71-38E51BE921CE}"
EndProject
Project("{2150E333-8FDC-42A3-9474-1A3956D46DE8}") = "Solution Items", "Solution Items", "{51E3AA6F-6B6C-4325-AD8E-E7286FDA43FF}"
	ProjectSection(SolutionItems) = preProject
		Refs\gif.zip = Refs\gif.zip
	EndProjectSection
EndProject
Global
	GlobalSection(SolutionConfigurationPlatforms) = preSolution
		Debug|Any CPU = Debug|Any CPU
		Release|Any CPU = Release|Any CPU
	EndGlobalSection
	GlobalSection(ProjectConfigurationPlatforms) = postSolution
		{1C3A03CA-5E55-4CC4-9746-194A4188960A}.Debug|Any CPU.ActiveCfg = Debug|Any CPU
		{1C3A03CA-5E55-4CC4-9746-194A4188960A}.Debug|Any CPU.Build.0 = Debug|Any CPU
		{1C3A03CA-5E55-4CC4-9746-194A4188960A}.Release|Any CPU.ActiveCfg = Release|Any CPU
		{1C3A03CA-5E55-4CC4-9746-194A4188960A}.Release|Any CPU.Build.0 = Release|Any CPU
		{1806268E-B13F-40DA-BC71-38E51BE921CE}.Debug|Any CPU.ActiveCfg = Debug|Any CPU
		{1806268E-B13F-40DA-BC71-38E51BE921CE}.Debug|Any CPU.Build.0 = Debug|Any CPU
		{1806268E-B13F-40DA-BC71-38E51BE921CE}.Release|Any CPU.ActiveCfg = Release|Any CPU
		{1806268E-B13F-40DA-BC71-38E51BE921CE}.Release|Any CPU.Build.0 = Release|Any CPU
	EndGlobalSection
	GlobalSection(SolutionProperties) = preSolution
		HideSolutionNode = FALSE
	EndGlobalSection
	GlobalSection(ExtensibilityGlobals) = postSolution
		SolutionGuid = {8D94B813-77BD-4BBC-9F42-8AD4F5C7F3B0}
	EndGlobalSection
EndGlobal
